
Microsoft Visual Studio Solution File, Format Version 12.00
# Visual Studio Version 17
VisualStudioVersion = 17.8.34316.72
MinimumVisualStudioVersion = 10.0.40219.1
Project("{FAE04EC0-301F-11D3-BF4B-00C04F79EFBC}") = "TestC", "TestC\TestC.csproj", "{F115DD80-EAED-429E-813A-78C3049ABA1A}"
EndProject
Global
	GlobalSection(SolutionConfigurationPlatforms) = preSolution
		Debug|Any CPU = Debug|Any CPU
		Release|Any CPU = Release|Any CPU
	EndGlobalSection
	GlobalSection(ProjectConfigurationPlatforms) = postSolution
		{F115DD80-EAED-429E-813A-78C3049ABA1A}.Debug|Any CPU.ActiveCfg = Debug|Any CPU
		{F115DD80-EAED-429E-813A-78C3049ABA1A}.Debug|Any CPU.Build.0 = Debug|Any CPU
		{F115DD80-EAED-429E-813A-78C3049ABA1A}.Release|Any CPU.ActiveCfg = Release|Any CPU
		{F115DD80-EAED-429E-813A-78C3049ABA1A}.Release|Any CPU.Build.0 = Release|Any CPU
	EndGlobalSection
	GlobalSection(SolutionProperties) = preSolution
		HideSolutionNode = FALSE
	EndGlobalSection
	GlobalSection(ExtensibilityGlobals) = postSolution
		SolutionGuid = {C7A1D8F8-A238-44A5-8A41-D8DF1122CB2B}
	EndGlobalSection
EndGlobal
